
Microsoft Visual Studio Solution File, Format Version 12.00
# Visual Studio Version 16
VisualStudioVersion = 16.0.31624.102
MinimumVisualStudioVersion = 10.0.40219.1
Project("{8BC9CEB8-8B4A-11D0-8D11-00A0C91BC942}") = "q3", "q3.vcxproj", "{49A215D3-1019-4C21-A6BE-B4E0D5BF03E2}"
EndProject
Global
	GlobalSection(SolutionConfigurationPlatforms) = preSolution
		Debug|x64 = Debug|x64
		Debug|x86 = Debug|x86
		Release|x64 = Release|x64
		Release|x86 = Release|x86
	EndGlobalSection
	GlobalSection(ProjectConfigurationPlatforms) = postSolution
		{49A215D3-1019-4C21-A6BE-B4E0D5BF03E2}.Debug|x64.ActiveCfg = Debug|x64
		{49A215D3-1019-4C21-A6BE-B4E0D5BF03E2}.Debug|x64.Build.0 = Debug|x64
		{49A215D3-1019-4C21-A6BE-B4E0D5BF03E2}.Debug|x86.ActiveCfg = Debug|Win32
		{49A215D3-1019-4C21-A6BE-B4E0D5BF03E2}.Debug|x86.Build.0 = Debug|Win32
		{49A215D3-1019-4C21-A6BE-B4E0D5BF03E2}.Release|x64.ActiveCfg = Release|x64
		{49A215D3-1019-4C21-A6BE-B4E0D5BF03E2}.Release|x64.Build.0 = Release|x64
		{49A215D3-1019-4C21-A6BE-B4E0D5BF03E2}.Release|x86.ActiveCfg = Release|Win32
		{49A215D3-1019-4C21-A6BE-B4E0D5BF03E2}.Release|x86.Build.0 = Release|Win32
	EndGlobalSection
	GlobalSection(SolutionProperties) = preSolution
		HideSolutionNode = FALSE
	EndGlobalSection
	GlobalSection(ExtensibilityGlobals) = postSolution
		SolutionGuid = {5AA4C91A-747E-48BD-A37F-136886C1FA05}
	EndGlobalSection
EndGlobal
